
Microsoft Visual Studio Solution File, Format Version 12.00
# Visual Studio Version 16
VisualStudioVersion = 16.0.30204.135
MinimumVisualStudioVersion = 10.0.40219.1
Project("{9A19103F-16F7-4668-BE54-9A1E7A4F7556}") = "DesignPattern", "DesignPattern\DesignPattern.csproj", "{8A1FD7BE-93D3-48DC-841C-3722EB8D0AEC}"
EndProject
Project("{9A19103F-16F7-4668-BE54-9A1E7A4F7556}") = "FactoryMethod", "FactoryMethod\FactoryMethod.csproj", "{3E43404B-BAC1-4FEA-8F58-07B04A292E5D}"
EndProject
Global
	GlobalSection(SolutionConfigurationPlatforms) = preSolution
		Debug|Any CPU = Debug|Any CPU
		Release|Any CPU = Release|Any CPU
	EndGlobalSection
	GlobalSection(ProjectConfigurationPlatforms) = postSolution
		{8A1FD7BE-93D3-48DC-841C-3722EB8D0AEC}.Debug|Any CPU.ActiveCfg = Debug|Any CPU
		{8A1FD7BE-93D3-48DC-841C-3722EB8D0AEC}.Debug|Any CPU.Build.0 = Debug|Any CPU
		{8A1FD7BE-93D3-48DC-841C-3722EB8D0AEC}.Release|Any CPU.ActiveCfg = Release|Any CPU
		{8A1FD7BE-93D3-48DC-841C-3722EB8D0AEC}.Release|Any CPU.Build.0 = Release|Any CPU
		{3E43404B-BAC1-4FEA-8F58-07B04A292E5D}.Debug|Any CPU.ActiveCfg = Debug|Any CPU
		{3E43404B-BAC1-4FEA-8F58-07B04A292E5D}.Debug|Any CPU.Build.0 = Debug|Any CPU
		{3E43404B-BAC1-4FEA-8F58-07B04A292E5D}.Release|Any CPU.ActiveCfg = Release|Any CPU
		{3E43404B-BAC1-4FEA-8F58-07B04A292E5D}.Release|Any CPU.Build.0 = Release|Any CPU
	EndGlobalSection
	GlobalSection(SolutionProperties) = preSolution
		HideSolutionNode = FALSE
	EndGlobalSection
	GlobalSection(ExtensibilityGlobals) = postSolution
		SolutionGuid = {EBFB03CA-371F-4C0A-BABF-A9CB028A3F6E}
	EndGlobalSection
EndGlobal
